
Microsoft Visual Studio Solution File, Format Version 12.00
# Visual Studio 15
Project("{FAE04EC0-301F-11D3-BF4B-00C04F79EFBC}") = "Assembly-CSharp-Editor", "Assembly-CSharp-Editor.csproj", "{CD685311-00CA-88AA-4F48-C0EEA5BED320}"
EndProject
Project("{FAE04EC0-301F-11D3-BF4B-00C04F79EFBC}") = "Assembly-CSharp", "Assembly-CSharp.csproj", "{6603C208-7E32-1726-0CCB-FA71619E185C}"
EndProject
Global
	GlobalSection(SolutionConfigurationPlatforms) = preSolution
		Debug|Any CPU = Debug|Any CPU
		Release|Any CPU = Release|Any CPU
	EndGlobalSection
	GlobalSection(ProjectConfigurationPlatforms) = postSolution
		{CD685311-00CA-88AA-4F48-C0EEA5BED320}.Debug|Any CPU.ActiveCfg = Debug|Any CPU
		{CD685311-00CA-88AA-4F48-C0EEA5BED320}.Debug|Any CPU.Build.0 = Debug|Any CPU
		{CD685311-00CA-88AA-4F48-C0EEA5BED320}.Release|Any CPU.ActiveCfg = Release|Any CPU
		{CD685311-00CA-88AA-4F48-C0EEA5BED320}.Release|Any CPU.Build.0 = Release|Any CPU
		{6603C208-7E32-1726-0CCB-FA71619E185C}.Debug|Any CPU.ActiveCfg = Debug|Any CPU
		{6603C208-7E32-1726-0CCB-FA71619E185C}.Debug|Any CPU.Build.0 = Debug|Any CPU
		{6603C208-7E32-1726-0CCB-FA71619E185C}.Release|Any CPU.ActiveCfg = Release|Any CPU
		{6603C208-7E32-1726-0CCB-FA71619E185C}.Release|Any CPU.Build.0 = Release|Any CPU
	EndGlobalSection
	GlobalSection(SolutionProperties) = preSolution
		HideSolutionNode = FALSE
	EndGlobalSection
EndGlobal
